
Microsoft Visual Studio Solution File, Format Version 12.00
# Visual Studio Version 16
VisualStudioVersion = 16.0.30711.63
MinimumVisualStudioVersion = 10.0.40219.1
Project("{9A19103F-16F7-4668-BE54-9A1E7A4F7556}") = "MovieShop.Web", "MovieShop.Web\MovieShop.Web.csproj", "{C6F38C3E-A3C5-4EE9-B7DC-994D8B60B075}"
EndProject
Project("{9A19103F-16F7-4668-BE54-9A1E7A4F7556}") = "MovieShop.Core", "MovieShop.Core\MovieShop.Core.csproj", "{EB0F0CD4-0702-4F68-AB56-A50E160092A7}"
EndProject
Project("{9A19103F-16F7-4668-BE54-9A1E7A4F7556}") = "MovieShop.Infrastructure", "MovieShop.Infrastructure\MovieShop.Infrastructure.csproj", "{20133115-A16D-4B3C-BAD4-8877D86607B7}"
EndProject
Project("{9A19103F-16F7-4668-BE54-9A1E7A4F7556}") = "MovieShop.UnitTests", "MovieShop.UnitTests\MovieShop.UnitTests.csproj", "{DB6D438F-F0F3-4807-9448-380D66316D0E}"
EndProject
Project("{FAE04EC0-301F-11D3-BF4B-00C04F79EFBC}") = "MovieShop.API", "MovieShop.API\MovieShop.API.csproj", "{4FAC509E-991E-46AD-9D74-9260A06CE2F2}"
EndProject
Global
	GlobalSection(SolutionConfigurationPlatforms) = preSolution
		Debug|Any CPU = Debug|Any CPU
		Release|Any CPU = Release|Any CPU
	EndGlobalSection
	GlobalSection(ProjectConfigurationPlatforms) = postSolution
		{C6F38C3E-A3C5-4EE9-B7DC-994D8B60B075}.Debug|Any CPU.ActiveCfg = Debug|Any CPU
		{C6F38C3E-A3C5-4EE9-B7DC-994D8B60B075}.Debug|Any CPU.Build.0 = Debug|Any CPU
		{C6F38C3E-A3C5-4EE9-B7DC-994D8B60B075}.Release|Any CPU.ActiveCfg = Release|Any CPU
		{C6F38C3E-A3C5-4EE9-B7DC-994D8B60B075}.Release|Any CPU.Build.0 = Release|Any CPU
		{EB0F0CD4-0702-4F68-AB56-A50E160092A7}.Debug|Any CPU.ActiveCfg = Debug|Any CPU
		{EB0F0CD4-0702-4F68-AB56-A50E160092A7}.Debug|Any CPU.Build.0 = Debug|Any CPU
		{EB0F0CD4-0702-4F68-AB56-A50E160092A7}.Release|Any CPU.ActiveCfg = Release|Any CPU
		{EB0F0CD4-0702-4F68-AB56-A50E160092A7}.Release|Any CPU.Build.0 = Release|Any CPU
		{20133115-A16D-4B3C-BAD4-8877D86607B7}.Debug|Any CPU.ActiveCfg = Debug|Any CPU
		{20133115-A16D-4B3C-BAD4-8877D86607B7}.Debug|Any CPU.Build.0 = Debug|Any CPU
		{20133115-A16D-4B3C-BAD4-8877D86607B7}.Release|Any CPU.ActiveCfg = Release|Any CPU
		{20133115-A16D-4B3C-BAD4-8877D86607B7}.Release|Any CPU.Build.0 = Release|Any CPU
		{DB6D438F-F0F3-4807-9448-380D66316D0E}.Debug|Any CPU.ActiveCfg = Debug|Any CPU
		{DB6D438F-F0F3-4807-9448-380D66316D0E}.Debug|Any CPU.Build.0 = Debug|Any CPU
		{DB6D438F-F0F3-4807-9448-380D66316D0E}.Release|Any CPU.ActiveCfg = Release|Any CPU
		{DB6D438F-F0F3-4807-9448-380D66316D0E}.Release|Any CPU.Build.0 = Release|Any CPU
		{4FAC509E-991E-46AD-9D74-9260A06CE2F2}.Debug|Any CPU.ActiveCfg = Debug|Any CPU
		{4FAC509E-991E-46AD-9D74-9260A06CE2F2}.Debug|Any CPU.Build.0 = Debug|Any CPU
		{4FAC509E-991E-46AD-9D74-9260A06CE2F2}.Release|Any CPU.ActiveCfg = Release|Any CPU
		{4FAC509E-991E-46AD-9D74-9260A06CE2F2}.Release|Any CPU.Build.0 = Release|Any CPU
	EndGlobalSection
	GlobalSection(SolutionProperties) = preSolution
		HideSolutionNode = FALSE
	EndGlobalSection
	GlobalSection(ExtensibilityGlobals) = postSolution
		SolutionGuid = {5720104E-439A-4734-9A8E-D62D8505733E}
	EndGlobalSection
EndGlobal
